
Microsoft Visual Studio Solution File, Format Version 12.00
# Visual Studio Version 16
VisualStudioVersion = 16.0.31515.178
MinimumVisualStudioVersion = 10.0.40219.1
Project("{FAE04EC0-301F-11D3-BF4B-00C04F79EFBC}") = "trello", "trello\trello.csproj", "{CD3C234E-40DF-449A-BC4A-37C001FD0DD8}"
EndProject
Global
	GlobalSection(SolutionConfigurationPlatforms) = preSolution
		Debug|Any CPU = Debug|Any CPU
		Release|Any CPU = Release|Any CPU
	EndGlobalSection
	GlobalSection(ProjectConfigurationPlatforms) = postSolution
		{CD3C234E-40DF-449A-BC4A-37C001FD0DD8}.Debug|Any CPU.ActiveCfg = Debug|Any CPU
		{CD3C234E-40DF-449A-BC4A-37C001FD0DD8}.Debug|Any CPU.Build.0 = Debug|Any CPU
		{CD3C234E-40DF-449A-BC4A-37C001FD0DD8}.Release|Any CPU.ActiveCfg = Release|Any CPU
		{CD3C234E-40DF-449A-BC4A-37C001FD0DD8}.Release|Any CPU.Build.0 = Release|Any CPU
	EndGlobalSection
	GlobalSection(SolutionProperties) = preSolution
		HideSolutionNode = FALSE
	EndGlobalSection
	GlobalSection(ExtensibilityGlobals) = postSolution
		SolutionGuid = {DB6BA883-FD8E-4900-B1A3-F5E89A2495EF}
	EndGlobalSection
EndGlobal
